github.com/bytedance/gopkg v0.0.0-20220623074550-9d6d3df70991 h1:UX3f692HP+gmMtNiXFUyEq1t9h4D2HOoinlDpdWMU6M=
github.com/bytedance/gopkg v0.0.0-20220623074550-9d6d3df70991/go.mod h1:2ZlV9BaUH4+NXIBF0aMdKKAnHTzqH+iMU4KUjAbL23Q=
github.com/davecgh/go-spew v1.1.0/go.mod h1:J7Y8YcW2NihsgmVo/mv3lAwl/skON4iLHjSsI+c5H38=
github.com/go-audio/audio v1.0.0 h1:zS9vebldgbQqktK4H0lUqWrG8P0NxCJVqcj7ZpNnwd4=
github.com/go-audio/audio v1.0.0/go.mod h1:6uAu0+H2lHkwdGsAY+j2wHPNPpPoeg5AaEFh9FlA+Zs=
github.com/go-audio/riff v1.0.0 h1:d8iCGbDvox9BfLagY94fBynxSPHO80LmZCaOsmKxokA=
github.com/go-audio/riff v1.0.0/go.mod h1:l3cQwc85y79NQFCRB7TiPoNiaijp6q8Z0Uv38rVG498=
github.com/go-audio/wav v1.1.0 h1:jQgLtbqBzY7G+BM8fXF7AHUk1uHUviWS4X39d5rsL2g=
github.com/go-audio/wav v1.1.0/go.mod h1:mpe9qfwbScEbkd8uybLuIpTgHyrISw/OTuvjUW2iGtE=
github.com/mattn/go-colorable v0.1.12 h1:jF+Du6AlPIjs2BiUiQlKOX0rt3SujHxPnksPKZbaA40=
github.com/mattn/go-isatty v0.0.14 h1:yVuAays6BHfxijgZPzw+3Zlu5yQgKGP2/hcQbHb7S9Y=
github.com/pidato/disruptor v0.1.0 h1:iuR+2Qvv6SEfK1pC1IFSqXennr4ZXtqSgfSyLTCga5E=
github.com/pidato/disruptor v0.1.0/go.mod h1:QUrmGXTa3E6R7jkKwtUIqro87+PRU9C1WZeAAOWW2jw=
github.com/pidato/logger v0.1.0 h1:VjsVComtP3lFGQt+Vj7qcQ1IGD6VjRoHYUBTBlkuKeo=
github.com/pidato/unsafe v0.1.1 h1:1NpTIH/DwkUoyIIaDtZlPfPSGd75ziSykJgk4Ndl0P4=
github.com/pidato/unsafe v0.1.1/go.mod h1:sRY67WUrdFnHJUhd2t7SH8dvqy47nVe00lbncNOEGkA=
github.com/pion/randutil v0.1.0 h1:CFG1UdESneORglEsnimhUjf33Rwjubwj6xfiOXBa3mA=
github.com/pion/randutil v0.1.0/go.mod h1:XcJrSMMbbMRhASFVOlj/5hQial/Y8oH/HVo7TBZq+j8=
github.com/pion/rtp v1.7.13 h1:qcHwlmtiI50t1XivvoawdCGTP4Uiypzfrsap+bijcoA=
github.com/pion/rtp v1.7.13/go.mod h1:bDb5n+BFZxXx0Ea7E5qe+klMuqiBrP+w8XSjiWtCUko=
github.com/pmezard/go-difflib v1.0.0/go.mod h1:iKH77koFhYxTK1pcRnkKkqfTogsbg7gZNVY4sRDYZ/4=
github.com/rs/zerolog v1.27.0 h1:1T7qCieN22GVc8S4Q2yuexzBb1EqjbgjSH9RohbMjKs=
github.com/stretchr/objx v0.1.0/go.mod h1:HFkY916IF+rwdDfMAkV7OtwuqBVzrE8GR6GFx+wExME=
github.com/stretchr/testify v1.7.0/go.mod h1:6Fq8oRcR53rry900zMqJjRRixrwX3KX962/h/Wwjteg=
golang.org/x/sync v0.0.0-20210220032951-036812b2e83c/go.mod h1:RxMgew5VJxzue5/jJTE5uejpjVlOe/izrB70Jof72aM=
golang.org/x/sys v0.0.0-20220110181412-a018aaa089fe/go.mod h1:oPkhp1MJrh7nUepCBck5+mAzfO9JrbApNNgaTdGDITg=
golang.org/x/sys v0.0.0-20220722155257-8c9f86f7a55f h1:v4INt8xihDGvnrfjMDVXGxw9wrfxYyCjk0KbXjhR55s=
golang.org/x/sys v0.0.0-20220722155257-8c9f86f7a55f/go.mod h1:oPkhp1MJrh7nUepCBck5+mAzfO9JrbApNNgaTdGDITg=
gopkg.in/check.v1 v0.0.0-20161208181325-20d25e280405/go.mod h1:Co6ibVJAznAaIkqp8huTwlJQCZ016jof/cbN4VW5Yz0=
gopkg.in/yaml.v3 v3.0.0-20200313102051-9f266ea9e77c/go.mod h1:K4uyk7z7BCEPqu6E+C64Yfv1cQ7kz7rIZviUmN+EgEM=
